
Microsoft Visual Studio Solution File, Format Version 12.00
# Visual Studio Version 17
VisualStudioVersion = 17.9.34622.214
MinimumVisualStudioVersion = 10.0.40219.1
Project("{9A19103F-16F7-4668-BE54-9A1E7A4F7556}") = "Cribbage", "Cribbage\Cribbage.csproj", "{D7EE3C37-5585-48E8-B892-4C4AE649B621}"
EndProject
Project("{FAE04EC0-301F-11D3-BF4B-00C04F79EFBC}") = "Cribbage.Test", "Cribbage.Test\Cribbage.Test.csproj", "{58C6A173-8289-40E1-B873-897A2FFB0119}"
EndProject
Global
	GlobalSection(SolutionConfigurationPlatforms) = preSolution
		Debug|Any CPU = Debug|Any CPU
		Release|Any CPU = Release|Any CPU
	EndGlobalSection
	GlobalSection(ProjectConfigurationPlatforms) = postSolution
		{D7EE3C37-5585-48E8-B892-4C4AE649B621}.Debug|Any CPU.ActiveCfg = Debug|Any CPU
		{D7EE3C37-5585-48E8-B892-4C4AE649B621}.Debug|Any CPU.Build.0 = Debug|Any CPU
		{D7EE3C37-5585-48E8-B892-4C4AE649B621}.Release|Any CPU.ActiveCfg = Release|Any CPU
		{D7EE3C37-5585-48E8-B892-4C4AE649B621}.Release|Any CPU.Build.0 = Release|Any CPU
		{58C6A173-8289-40E1-B873-897A2FFB0119}.Debug|Any CPU.ActiveCfg = Debug|Any CPU
		{58C6A173-8289-40E1-B873-897A2FFB0119}.Debug|Any CPU.Build.0 = Debug|Any CPU
		{58C6A173-8289-40E1-B873-897A2FFB0119}.Release|Any CPU.ActiveCfg = Release|Any CPU
		{58C6A173-8289-40E1-B873-897A2FFB0119}.Release|Any CPU.Build.0 = Release|Any CPU
	EndGlobalSection
	GlobalSection(SolutionProperties) = preSolution
		HideSolutionNode = FALSE
	EndGlobalSection
	GlobalSection(ExtensibilityGlobals) = postSolution
		SolutionGuid = {6AB6A241-4018-4A84-9C69-22FDE6B116B6}
	EndGlobalSection
EndGlobal
